
Microsoft Visual Studio Solution File, Format Version 12.00
# Visual Studio Version 16
VisualStudioVersion = 16.0.29326.143
MinimumVisualStudioVersion = 10.0.40219.1
Project("{FAE04EC0-301F-11D3-BF4B-00C04F79EFBC}") = "A3- CSharp y JavaScript", "A3- CSharp y JavaScript\A3- CSharp y JavaScript.csproj", "{1F29F3AD-ABFA-46D5-827E-ACD5D5212A9D}"
EndProject
Global
	GlobalSection(SolutionConfigurationPlatforms) = preSolution
		Debug|Any CPU = Debug|Any CPU
		Release|Any CPU = Release|Any CPU
	EndGlobalSection
	GlobalSection(ProjectConfigurationPlatforms) = postSolution
		{1F29F3AD-ABFA-46D5-827E-ACD5D5212A9D}.Debug|Any CPU.ActiveCfg = Debug|Any CPU
		{1F29F3AD-ABFA-46D5-827E-ACD5D5212A9D}.Debug|Any CPU.Build.0 = Debug|Any CPU
		{1F29F3AD-ABFA-46D5-827E-ACD5D5212A9D}.Release|Any CPU.ActiveCfg = Release|Any CPU
		{1F29F3AD-ABFA-46D5-827E-ACD5D5212A9D}.Release|Any CPU.Build.0 = Release|Any CPU
	EndGlobalSection
	GlobalSection(SolutionProperties) = preSolution
		HideSolutionNode = FALSE
	EndGlobalSection
	GlobalSection(ExtensibilityGlobals) = postSolution
		SolutionGuid = {42FDC953-2144-4AA8-9B5F-1185A714DE90}
	EndGlobalSection
EndGlobal
