
Microsoft Visual Studio Solution File, Format Version 12.00
# Visual Studio Version 16
VisualStudioVersion = 16.0.29326.143
MinimumVisualStudioVersion = 10.0.40219.1
Project("{FAE04EC0-301F-11D3-BF4B-00C04F79EFBC}") = "A1-CSharp", "A1-CSharp\A1-CSharp.csproj", "{39EB56E9-4529-4907-A5DC-B56029AC6C6A}"
EndProject
Global
	GlobalSection(SolutionConfigurationPlatforms) = preSolution
		Debug|Any CPU = Debug|Any CPU
		Release|Any CPU = Release|Any CPU
	EndGlobalSection
	GlobalSection(ProjectConfigurationPlatforms) = postSolution
		{39EB56E9-4529-4907-A5DC-B56029AC6C6A}.Debug|Any CPU.ActiveCfg = Debug|Any CPU
		{39EB56E9-4529-4907-A5DC-B56029AC6C6A}.Debug|Any CPU.Build.0 = Debug|Any CPU
		{39EB56E9-4529-4907-A5DC-B56029AC6C6A}.Release|Any CPU.ActiveCfg = Release|Any CPU
		{39EB56E9-4529-4907-A5DC-B56029AC6C6A}.Release|Any CPU.Build.0 = Release|Any CPU
	EndGlobalSection
	GlobalSection(SolutionProperties) = preSolution
		HideSolutionNode = FALSE
	EndGlobalSection
	GlobalSection(ExtensibilityGlobals) = postSolution
		SolutionGuid = {1991791B-2BD2-4AE8-B691-CA6933EE1806}
	EndGlobalSection
EndGlobal
