
Microsoft Visual Studio Solution File, Format Version 12.00
# Visual Studio Version 16
VisualStudioVersion = 16.0.29709.97
MinimumVisualStudioVersion = 10.0.40219.1
Project("{FAE04EC0-301F-11D3-BF4B-00C04F79EFBC}") = "A4WPFApp", "A4WPFApp\A4WPFApp.csproj", "{794A8821-202D-45E5-BDE6-CBE8FF037E1E}"
EndProject
Project("{FAE04EC0-301F-11D3-BF4B-00C04F79EFBC}") = "A4.DAL", "A4.DAL\A4.DAL.csproj", "{97803C14-4D11-486B-A88F-352FD654E4E9}"
EndProject
Project("{FAE04EC0-301F-11D3-BF4B-00C04F79EFBC}") = "A4.Lib", "A4.Lib\A4.Lib.csproj", "{B4E43BFC-D17A-48ED-8A23-AABB03EEEF2C}"
EndProject
Global
	GlobalSection(SolutionConfigurationPlatforms) = preSolution
		Debug|Any CPU = Debug|Any CPU
		Release|Any CPU = Release|Any CPU
	EndGlobalSection
	GlobalSection(ProjectConfigurationPlatforms) = postSolution
		{794A8821-202D-45E5-BDE6-CBE8FF037E1E}.Debug|Any CPU.ActiveCfg = Debug|Any CPU
		{794A8821-202D-45E5-BDE6-CBE8FF037E1E}.Debug|Any CPU.Build.0 = Debug|Any CPU
		{794A8821-202D-45E5-BDE6-CBE8FF037E1E}.Release|Any CPU.ActiveCfg = Release|Any CPU
		{794A8821-202D-45E5-BDE6-CBE8FF037E1E}.Release|Any CPU.Build.0 = Release|Any CPU
		{97803C14-4D11-486B-A88F-352FD654E4E9}.Debug|Any CPU.ActiveCfg = Debug|Any CPU
		{97803C14-4D11-486B-A88F-352FD654E4E9}.Debug|Any CPU.Build.0 = Debug|Any CPU
		{97803C14-4D11-486B-A88F-352FD654E4E9}.Release|Any CPU.ActiveCfg = Release|Any CPU
		{97803C14-4D11-486B-A88F-352FD654E4E9}.Release|Any CPU.Build.0 = Release|Any CPU
		{B4E43BFC-D17A-48ED-8A23-AABB03EEEF2C}.Debug|Any CPU.ActiveCfg = Debug|Any CPU
		{B4E43BFC-D17A-48ED-8A23-AABB03EEEF2C}.Debug|Any CPU.Build.0 = Debug|Any CPU
		{B4E43BFC-D17A-48ED-8A23-AABB03EEEF2C}.Release|Any CPU.ActiveCfg = Release|Any CPU
		{B4E43BFC-D17A-48ED-8A23-AABB03EEEF2C}.Release|Any CPU.Build.0 = Release|Any CPU
	EndGlobalSection
	GlobalSection(SolutionProperties) = preSolution
		HideSolutionNode = FALSE
	EndGlobalSection
	GlobalSection(ExtensibilityGlobals) = postSolution
		SolutionGuid = {ADADACA6-C3C9-4FFC-887D-917B82E5AB21}
	EndGlobalSection
EndGlobal
