
Microsoft Visual Studio Solution File, Format Version 12.00
# Visual Studio Version 16
VisualStudioVersion = 16.0.29326.143
MinimumVisualStudioVersion = 10.0.40219.1
Project("{FAE04EC0-301F-11D3-BF4B-00C04F79EFBC}") = "Blo 5- Práctica Troncal A1", "Blo 5- Práctica Troncal A1\Blo 5- Práctica Troncal A1.csproj", "{EE66B726-6FFB-4495-B878-BC75D4C01F87}"
EndProject
Global
	GlobalSection(SolutionConfigurationPlatforms) = preSolution
		Debug|Any CPU = Debug|Any CPU
		Release|Any CPU = Release|Any CPU
	EndGlobalSection
	GlobalSection(ProjectConfigurationPlatforms) = postSolution
		{EE66B726-6FFB-4495-B878-BC75D4C01F87}.Debug|Any CPU.ActiveCfg = Debug|Any CPU
		{EE66B726-6FFB-4495-B878-BC75D4C01F87}.Debug|Any CPU.Build.0 = Debug|Any CPU
		{EE66B726-6FFB-4495-B878-BC75D4C01F87}.Release|Any CPU.ActiveCfg = Release|Any CPU
		{EE66B726-6FFB-4495-B878-BC75D4C01F87}.Release|Any CPU.Build.0 = Release|Any CPU
	EndGlobalSection
	GlobalSection(SolutionProperties) = preSolution
		HideSolutionNode = FALSE
	EndGlobalSection
	GlobalSection(ExtensibilityGlobals) = postSolution
		SolutionGuid = {5C486BCD-B68F-4886-BEF9-A9ECA33B955C}
	EndGlobalSection
EndGlobal
