
Microsoft Visual Studio Solution File, Format Version 12.00
# Visual Studio Version 16
VisualStudioVersion = 16.0.29709.97
MinimumVisualStudioVersion = 10.0.40219.1
Project("{9A19103F-16F7-4668-BE54-9A1E7A4F7556}") = "A4_AppWPF", "A4_AppWPF\A4_AppWPF.csproj", "{07A5C069-A666-42C8-9F03-45AD3B7B8D46}"
EndProject
Project("{9A19103F-16F7-4668-BE54-9A1E7A4F7556}") = "A4-DAL", "A4-DAL\A4-DAL.csproj", "{69EEBE38-EA47-4CA9-A55B-20E034898512}"
	ProjectSection(ProjectDependencies) = postProject
		{07A5C069-A666-42C8-9F03-45AD3B7B8D46} = {07A5C069-A666-42C8-9F03-45AD3B7B8D46}
	EndProjectSection
EndProject
Project("{9A19103F-16F7-4668-BE54-9A1E7A4F7556}") = "A4-Lib", "A4-Lib\A4-Lib.csproj", "{6E863C51-8BDB-49B3-972C-7D8AB4E22BC1}"
	ProjectSection(ProjectDependencies) = postProject
		{69EEBE38-EA47-4CA9-A55B-20E034898512} = {69EEBE38-EA47-4CA9-A55B-20E034898512}
	EndProjectSection
EndProject
Global
	GlobalSection(SolutionConfigurationPlatforms) = preSolution
		Debug|Any CPU = Debug|Any CPU
		Release|Any CPU = Release|Any CPU
	EndGlobalSection
	GlobalSection(ProjectConfigurationPlatforms) = postSolution
		{07A5C069-A666-42C8-9F03-45AD3B7B8D46}.Debug|Any CPU.ActiveCfg = Debug|Any CPU
		{07A5C069-A666-42C8-9F03-45AD3B7B8D46}.Debug|Any CPU.Build.0 = Debug|Any CPU
		{07A5C069-A666-42C8-9F03-45AD3B7B8D46}.Release|Any CPU.ActiveCfg = Release|Any CPU
		{07A5C069-A666-42C8-9F03-45AD3B7B8D46}.Release|Any CPU.Build.0 = Release|Any CPU
		{69EEBE38-EA47-4CA9-A55B-20E034898512}.Debug|Any CPU.ActiveCfg = Debug|Any CPU
		{69EEBE38-EA47-4CA9-A55B-20E034898512}.Debug|Any CPU.Build.0 = Debug|Any CPU
		{69EEBE38-EA47-4CA9-A55B-20E034898512}.Release|Any CPU.ActiveCfg = Release|Any CPU
		{69EEBE38-EA47-4CA9-A55B-20E034898512}.Release|Any CPU.Build.0 = Release|Any CPU
		{6E863C51-8BDB-49B3-972C-7D8AB4E22BC1}.Debug|Any CPU.ActiveCfg = Debug|Any CPU
		{6E863C51-8BDB-49B3-972C-7D8AB4E22BC1}.Debug|Any CPU.Build.0 = Debug|Any CPU
		{6E863C51-8BDB-49B3-972C-7D8AB4E22BC1}.Release|Any CPU.ActiveCfg = Release|Any CPU
		{6E863C51-8BDB-49B3-972C-7D8AB4E22BC1}.Release|Any CPU.Build.0 = Release|Any CPU
	EndGlobalSection
	GlobalSection(SolutionProperties) = preSolution
		HideSolutionNode = FALSE
	EndGlobalSection
	GlobalSection(ExtensibilityGlobals) = postSolution
		SolutionGuid = {C2208FFF-DFD9-4AF4-887D-DB3EA58A4FB0}
	EndGlobalSection
EndGlobal
