
Microsoft Visual Studio Solution File, Format Version 12.00
# Visual Studio Version 16
VisualStudioVersion = 16.0.29326.143
MinimumVisualStudioVersion = 10.0.40219.1
Project("{FAE04EC0-301F-11D3-BF4B-00C04F79EFBC}") = "Bloc 3- A3 CSharp y Java", "Bloc 3- A3 CSharp y Java\Bloc 3- A3 CSharp y Java.csproj", "{9E55B70D-20BE-4B7C-B56B-E62A3DE12019}"
EndProject
Global
	GlobalSection(SolutionConfigurationPlatforms) = preSolution
		Debug|Any CPU = Debug|Any CPU
		Release|Any CPU = Release|Any CPU
	EndGlobalSection
	GlobalSection(ProjectConfigurationPlatforms) = postSolution
		{9E55B70D-20BE-4B7C-B56B-E62A3DE12019}.Debug|Any CPU.ActiveCfg = Debug|Any CPU
		{9E55B70D-20BE-4B7C-B56B-E62A3DE12019}.Debug|Any CPU.Build.0 = Debug|Any CPU
		{9E55B70D-20BE-4B7C-B56B-E62A3DE12019}.Release|Any CPU.ActiveCfg = Release|Any CPU
		{9E55B70D-20BE-4B7C-B56B-E62A3DE12019}.Release|Any CPU.Build.0 = Release|Any CPU
	EndGlobalSection
	GlobalSection(SolutionProperties) = preSolution
		HideSolutionNode = FALSE
	EndGlobalSection
	GlobalSection(ExtensibilityGlobals) = postSolution
		SolutionGuid = {16AF3B82-6033-491A-9E51-39E7BC731CE7}
	EndGlobalSection
EndGlobal
