
Microsoft Visual Studio Solution File, Format Version 12.00
# Visual Studio Version 16
VisualStudioVersion = 16.0.29326.143
MinimumVisualStudioVersion = 10.0.40219.1
Project("{FAE04EC0-301F-11D3-BF4B-00C04F79EFBC}") = "Bloc Linq - A3", "Bloc Linq - A3\Bloc Linq - A3.csproj", "{0999783F-BC26-40AA-88D4-2E7A31FEF2C9}"
EndProject
Global
	GlobalSection(SolutionConfigurationPlatforms) = preSolution
		Debug|Any CPU = Debug|Any CPU
		Release|Any CPU = Release|Any CPU
	EndGlobalSection
	GlobalSection(ProjectConfigurationPlatforms) = postSolution
		{0999783F-BC26-40AA-88D4-2E7A31FEF2C9}.Debug|Any CPU.ActiveCfg = Debug|Any CPU
		{0999783F-BC26-40AA-88D4-2E7A31FEF2C9}.Debug|Any CPU.Build.0 = Debug|Any CPU
		{0999783F-BC26-40AA-88D4-2E7A31FEF2C9}.Release|Any CPU.ActiveCfg = Release|Any CPU
		{0999783F-BC26-40AA-88D4-2E7A31FEF2C9}.Release|Any CPU.Build.0 = Release|Any CPU
	EndGlobalSection
	GlobalSection(SolutionProperties) = preSolution
		HideSolutionNode = FALSE
	EndGlobalSection
	GlobalSection(ExtensibilityGlobals) = postSolution
		SolutionGuid = {826E934C-E94B-4CF6-A6E9-FC90A0EE6897}
	EndGlobalSection
EndGlobal
